// !$*UTF8*$!
{
	archiveVersion = 1;
	classes = {
	};
	objectVersion = 45;
	objects = {

/* Begin PBXBuildFile section */
		1D3623260D0F684500981E51 /* ShapezAppDelegate.m in Sources */ = {isa = PBXBuildFile; fileRef = 1D3623250D0F684500981E51 /* ShapezAppDelegate.m */; };
		1D60589B0D05DD56006BFB54 /* main.m in Sources */ = {isa = PBXBuildFile; fileRef = 29B97316FDCFA39411CA2CEA /* main.m */; };
		1D60589F0D05DD5A006BFB54 /* Foundation.framework in Frameworks */ = {isa = PBXBuildFile; fileRef = 1D30AB110D05D00D00671497 /* Foundation.framework */; };
		1DF5F4E00D08C38300B7A737 /* UIKit.framework in Frameworks */ = {isa = PBXBuildFile; fileRef = 1DF5F4DF0D08C38300B7A737 /* UIKit.framework */; };
		288765A50DF7441C002DB57D /* CoreGraphics.framework in Frameworks */ = {isa = PBXBuildFile; fileRef = 288765A40DF7441C002DB57D /* CoreGraphics.framework */; };
		28AD733F0D9D9553002E5188 /* MainWindow.xib in Resources */ = {isa = PBXBuildFile; fileRef = 28AD733E0D9D9553002E5188 /* MainWindow.xib */; };
		B83698A11428B72A00BC5BCF /* UIColourTransformer.m in Sources */ = {isa = PBXBuildFile; fileRef = B83698A01428B72A00BC5BCF /* UIColourTransformer.m */; };
		B836998A1428C0C800BC5BCF /* ShapezViewController.m in Sources */ = {isa = PBXBuildFile; fileRef = B83699891428C0C800BC5BCF /* ShapezViewController.m */; };
		B836998D1428C0DB00BC5BCF /* BasicCanvasView.m in Sources */ = {isa = PBXBuildFile; fileRef = B836998C1428C0DB00BC5BCF /* BasicCanvasView.m */; };
		B836999A1428C0F000BC5BCF /* Canvas.m in Sources */ = {isa = PBXBuildFile; fileRef = B836998F1428C0F000BC5BCF /* Canvas.m */; };
		B836999B1428C0F000BC5BCF /* Circle.m in Sources */ = {isa = PBXBuildFile; fileRef = B83699911428C0F000BC5BCF /* Circle.m */; };
		B836999C1428C0F000BC5BCF /* Polygon.m in Sources */ = {isa = PBXBuildFile; fileRef = B83699931428C0F000BC5BCF /* Polygon.m */; };
		B836999D1428C0F000BC5BCF /* Shape.m in Sources */ = {isa = PBXBuildFile; fileRef = B83699951428C0F000BC5BCF /* Shape.m */; };
		B836999E1428C0F000BC5BCF /* Transform.m in Sources */ = {isa = PBXBuildFile; fileRef = B83699971428C0F000BC5BCF /* Transform.m */; };
		B836999F1428C0F000BC5BCF /* Vertex.m in Sources */ = {isa = PBXBuildFile; fileRef = B83699991428C0F000BC5BCF /* Vertex.m */; };
		B83699A11428C12E00BC5BCF /* ShapezViewController.xib in Resources */ = {isa = PBXBuildFile; fileRef = B83699A01428C12E00BC5BCF /* ShapezViewController.xib */; };
		B8D30ACD14286C7F007EEC10 /* CoreData.framework in Frameworks */ = {isa = PBXBuildFile; fileRef = B8D30ACC14286C7F007EEC10 /* CoreData.framework */; };
		B8D30AD114286CBD007EEC10 /* shapes.xcdatamodel in Sources */ = {isa = PBXBuildFile; fileRef = B8D30AD014286CBD007EEC10 /* shapes.xcdatamodel */; };
/* End PBXBuildFile section */

/* Begin PBXFileReference section */
		1D30AB110D05D00D00671497 /* Foundation.framework */ = {isa = PBXFileReference; lastKnownFileType = wrapper.framework; name = Foundation.framework; path = System/Library/Frameworks/Foundation.framework; sourceTree = SDKROOT; };
		1D3623240D0F684500981E51 /* ShapezAppDelegate.h */ = {isa = PBXFileReference; fileEncoding = 4; lastKnownFileType = sourcecode.c.h; path = ShapezAppDelegate.h; sourceTree = "<group>"; };
		1D3623250D0F684500981E51 /* ShapezAppDelegate.m */ = {isa = PBXFileReference; fileEncoding = 4; lastKnownFileType = sourcecode.c.objc; path = ShapezAppDelegate.m; sourceTree = "<group>"; };
		1D6058910D05DD3D006BFB54 /* Shapez.app */ = {isa = PBXFileReference; explicitFileType = wrapper.application; includeInIndex = 0; path = Shapez.app; sourceTree = BUILT_PRODUCTS_DIR; };
		1DF5F4DF0D08C38300B7A737 /* UIKit.framework */ = {isa = PBXFileReference; lastKnownFileType = wrapper.framework; name = UIKit.framework; path = System/Library/Frameworks/UIKit.framework; sourceTree = SDKROOT; };
		288765A40DF7441C002DB57D /* CoreGraphics.framework */ = {isa = PBXFileReference; lastKnownFileType = wrapper.framework; name = CoreGraphics.framework; path = System/Library/Frameworks/CoreGraphics.framework; sourceTree = SDKROOT; };
		28AD733E0D9D9553002E5188 /* MainWindow.xib */ = {isa = PBXFileReference; lastKnownFileType = file.xib; path = MainWindow.xib; sourceTree = "<group>"; };
		29B97316FDCFA39411CA2CEA /* main.m */ = {isa = PBXFileReference; fileEncoding = 4; lastKnownFileType = sourcecode.c.objc; path = main.m; sourceTree = "<group>"; };
		32CA4F630368D1EE00C91783 /* Shapez_Prefix.pch */ = {isa = PBXFileReference; fileEncoding = 4; lastKnownFileType = sourcecode.c.h; path = Shapez_Prefix.pch; sourceTree = "<group>"; };
		8D1107310486CEB800E47090 /* Shapez-Info.plist */ = {isa = PBXFileReference; fileEncoding = 4; lastKnownFileType = text.plist.xml; path = "Shapez-Info.plist"; plistStructureDefinitionIdentifier = "com.apple.xcode.plist.structure-definition.iphone.info-plist"; sourceTree = "<group>"; };
		B836989F1428B72A00BC5BCF /* UIColourTransformer.h */ = {isa = PBXFileReference; fileEncoding = 4; lastKnownFileType = sourcecode.c.h; path = UIColourTransformer.h; sourceTree = "<group>"; };
		B83698A01428B72A00BC5BCF /* UIColourTransformer.m */ = {isa = PBXFileReference; fileEncoding = 4; lastKnownFileType = sourcecode.c.objc; path = UIColourTransformer.m; sourceTree = "<group>"; };
		B83699881428C0C800BC5BCF /* ShapezViewController.h */ = {isa = PBXFileReference; fileEncoding = 4; lastKnownFileType = sourcecode.c.h; name = ShapezViewController.h; path = Controllers/ShapezViewController.h; sourceTree = "<group>"; };
		B83699891428C0C800BC5BCF /* ShapezViewController.m */ = {isa = PBXFileReference; fileEncoding = 4; lastKnownFileType = sourcecode.c.objc; name = ShapezViewController.m; path = Controllers/ShapezViewController.m; sourceTree = "<group>"; };
		B836998B1428C0DB00BC5BCF /* BasicCanvasView.h */ = {isa = PBXFileReference; fileEncoding = 4; lastKnownFileType = sourcecode.c.h; name = BasicCanvasView.h; path = Views/BasicCanvasView.h; sourceTree = "<group>"; };
		B836998C1428C0DB00BC5BCF /* BasicCanvasView.m */ = {isa = PBXFileReference; fileEncoding = 4; lastKnownFileType = sourcecode.c.objc; name = BasicCanvasView.m; path = Views/BasicCanvasView.m; sourceTree = "<group>"; };
		B836998E1428C0F000BC5BCF /* Canvas.h */ = {isa = PBXFileReference; fileEncoding = 4; lastKnownFileType = sourcecode.c.h; name = Canvas.h; path = Models/Canvas.h; sourceTree = "<group>"; };
		B836998F1428C0F000BC5BCF /* Canvas.m */ = {isa = PBXFileReference; fileEncoding = 4; lastKnownFileType = sourcecode.c.objc; name = Canvas.m; path = Models/Canvas.m; sourceTree = "<group>"; };
		B83699901428C0F000BC5BCF /* Circle.h */ = {isa = PBXFileReference; fileEncoding = 4; lastKnownFileType = sourcecode.c.h; name = Circle.h; path = Models/Circle.h; sourceTree = "<group>"; };
		B83699911428C0F000BC5BCF /* Circle.m */ = {isa = PBXFileReference; fileEncoding = 4; lastKnownFileType = sourcecode.c.objc; name = Circle.m; path = Models/Circle.m; sourceTree = "<group>"; };
		B83699921428C0F000BC5BCF /* Polygon.h */ = {isa = PBXFileReference; fileEncoding = 4; lastKnownFileType = sourcecode.c.h; name = Polygon.h; path = Models/Polygon.h; sourceTree = "<group>"; };
		B83699931428C0F000BC5BCF /* Polygon.m */ = {isa = PBXFileReference; fileEncoding = 4; lastKnownFileType = sourcecode.c.objc; name = Polygon.m; path = Models/Polygon.m; sourceTree = "<group>"; };
		B83699941428C0F000BC5BCF /* Shape.h */ = {isa = PBXFileReference; fileEncoding = 4; lastKnownFileType = sourcecode.c.h; name = Shape.h; path = Models/Shape.h; sourceTree = "<group>"; };
		B83699951428C0F000BC5BCF /* Shape.m */ = {isa = PBXFileReference; fileEncoding = 4; lastKnownFileType = sourcecode.c.objc; name = Shape.m; path = Models/Shape.m; sourceTree = "<group>"; };
		B83699961428C0F000BC5BCF /* Transform.h */ = {isa = PBXFileReference; fileEncoding = 4; lastKnownFileType = sourcecode.c.h; name = Transform.h; path = Models/Transform.h; sourceTree = "<group>"; };
		B83699971428C0F000BC5BCF /* Transform.m */ = {isa = PBXFileReference; fileEncoding = 4; lastKnownFileType = sourcecode.c.objc; name = Transform.m; path = Models/Transform.m; sourceTree = "<group>"; };
		B83699981428C0F000BC5BCF /* Vertex.h */ = {isa = PBXFileReference; fileEncoding = 4; lastKnownFileType = sourcecode.c.h; name = Vertex.h; path = Models/Vertex.h; sourceTree = "<group>"; };
		B83699991428C0F000BC5BCF /* Vertex.m */ = {isa = PBXFileReference; fileEncoding = 4; lastKnownFileType = sourcecode.c.objc; name = Vertex.m; path = Models/Vertex.m; sourceTree = "<group>"; };
		B83699A01428C12E00BC5BCF /* ShapezViewController.xib */ = {isa = PBXFileReference; lastKnownFileType = file.xib; name = ShapezViewController.xib; path = Classes/Views/ShapezViewController.xib; sourceTree = "<group>"; };
		B8D30ACC14286C7F007EEC10 /* CoreData.framework */ = {isa = PBXFileReference; lastKnownFileType = wrapper.framework; name = CoreData.framework; path = System/Library/Frameworks/CoreData.framework; sourceTree = SDKROOT; };
		B8D30AD014286CBD007EEC10 /* shapes.xcdatamodel */ = {isa = PBXFileReference; fileEncoding = 4; lastKnownFileType = wrapper.xcdatamodel; path = shapes.xcdatamodel; sourceTree = "<group>"; };
/* End PBXFileReference section */

/* Begin PBXFrameworksBuildPhase section */
		1D60588F0D05DD3D006BFB54 /* Frameworks */ = {
			isa = PBXFrameworksBuildPhase;
			buildActionMask = 2147483647;
			files = (
				1D60589F0D05DD5A006BFB54 /* Foundation.framework in Frameworks */,
				1DF5F4E00D08C38300B7A737 /* UIKit.framework in Frameworks */,
				288765A50DF7441C002DB57D /* CoreGraphics.framework in Frameworks */,
				B8D30ACD14286C7F007EEC10 /* CoreData.framework in Frameworks */,
			);
			runOnlyForDeploymentPostprocessing = 0;
		};
/* End PBXFrameworksBuildPhase section */

/* Begin PBXGroup section */
		080E96DDFE201D6D7F000001 /* Classes */ = {
			isa = PBXGroup;
			children = (
				B836985A1428A06300BC5BCF /* Models */,
				B83698651428A10600BC5BCF /* Views */,
				B836985B1428A06A00BC5BCF /* Controllers */,
				1D3623240D0F684500981E51 /* ShapezAppDelegate.h */,
				1D3623250D0F684500981E51 /* ShapezAppDelegate.m */,
				B836989F1428B72A00BC5BCF /* UIColourTransformer.h */,
				B83698A01428B72A00BC5BCF /* UIColourTransformer.m */,
			);
			path = Classes;
			sourceTree = "<group>";
		};
		19C28FACFE9D520D11CA2CBB /* Products */ = {
			isa = PBXGroup;
			children = (
				1D6058910D05DD3D006BFB54 /* Shapez.app */,
			);
			name = Products;
			sourceTree = "<group>";
		};
		29B97314FDCFA39411CA2CEA /* CustomTemplate */ = {
			isa = PBXGroup;
			children = (
				080E96DDFE201D6D7F000001 /* Classes */,
				29B97315FDCFA39411CA2CEA /* Other Sources */,
				29B97317FDCFA39411CA2CEA /* Resources */,
				29B97323FDCFA39411CA2CEA /* Frameworks */,
				19C28FACFE9D520D11CA2CBB /* Products */,
			);
			name = CustomTemplate;
			sourceTree = "<group>";
		};
		29B97315FDCFA39411CA2CEA /* Other Sources */ = {
			isa = PBXGroup;
			children = (
				32CA4F630368D1EE00C91783 /* Shapez_Prefix.pch */,
				29B97316FDCFA39411CA2CEA /* main.m */,
			);
			name = "Other Sources";
			sourceTree = "<group>";
		};
		29B97317FDCFA39411CA2CEA /* Resources */ = {
			isa = PBXGroup;
			children = (
				B83698641428A09700BC5BCF /* Views */,
				28AD733E0D9D9553002E5188 /* MainWindow.xib */,
				8D1107310486CEB800E47090 /* Shapez-Info.plist */,
				B8D30AD014286CBD007EEC10 /* shapes.xcdatamodel */,
			);
			name = Resources;
			sourceTree = "<group>";
		};
		29B97323FDCFA39411CA2CEA /* Frameworks */ = {
			isa = PBXGroup;
			children = (
				1DF5F4DF0D08C38300B7A737 /* UIKit.framework */,
				1D30AB110D05D00D00671497 /* Foundation.framework */,
				288765A40DF7441C002DB57D /* CoreGraphics.framework */,
				B8D30ACC14286C7F007EEC10 /* CoreData.framework */,
			);
			name = Frameworks;
			sourceTree = "<group>";
		};
		B836985A1428A06300BC5BCF /* Models */ = {
			isa = PBXGroup;
			children = (
				B836998E1428C0F000BC5BCF /* Canvas.h */,
				B836998F1428C0F000BC5BCF /* Canvas.m */,
				B83699901428C0F000BC5BCF /* Circle.h */,
				B83699911428C0F000BC5BCF /* Circle.m */,
				B83699921428C0F000BC5BCF /* Polygon.h */,
				B83699931428C0F000BC5BCF /* Polygon.m */,
				B83699941428C0F000BC5BCF /* Shape.h */,
				B83699951428C0F000BC5BCF /* Shape.m */,
				B83699961428C0F000BC5BCF /* Transform.h */,
				B83699971428C0F000BC5BCF /* Transform.m */,
				B83699981428C0F000BC5BCF /* Vertex.h */,
				B83699991428C0F000BC5BCF /* Vertex.m */,
			);
			name = Models;
			sourceTree = "<group>";
		};
		B836985B1428A06A00BC5BCF /* Controllers */ = {
			isa = PBXGroup;
			children = (
				B83699881428C0C800BC5BCF /* ShapezViewController.h */,
				B83699891428C0C800BC5BCF /* ShapezViewController.m */,
			);
			name = Controllers;
			sourceTree = "<group>";
		};
		B83698641428A09700BC5BCF /* Views */ = {
			isa = PBXGroup;
			children = (
				B83699A01428C12E00BC5BCF /* ShapezViewController.xib */,
			);
			name = Views;
			sourceTree = "<group>";
		};
		B83698651428A10600BC5BCF /* Views */ = {
			isa = PBXGroup;
			children = (
				B836998B1428C0DB00BC5BCF /* BasicCanvasView.h */,
				B836998C1428C0DB00BC5BCF /* BasicCanvasView.m */,
			);
			name = Views;
			sourceTree = "<group>";
		};
/* End PBXGroup section */

/* Begin PBXNativeTarget section */
		1D6058900D05DD3D006BFB54 /* Shapez */ = {
			isa = PBXNativeTarget;
			buildConfigurationList = 1D6058960D05DD3E006BFB54 /* Build configuration list for PBXNativeTarget "Shapez" */;
			buildPhases = (
				1D60588D0D05DD3D006BFB54 /* Resources */,
				1D60588E0D05DD3D006BFB54 /* Sources */,
				1D60588F0D05DD3D006BFB54 /* Frameworks */,
			);
			buildRules = (
			);
			dependencies = (
			);
			name = Shapez;
			productName = Shapez;
			productReference = 1D6058910D05DD3D006BFB54 /* Shapez.app */;
			productType = "com.apple.product-type.application";
		};
/* End PBXNativeTarget section */

/* Begin PBXProject section */
		29B97313FDCFA39411CA2CEA /* Project object */ = {
			isa = PBXProject;
			buildConfigurationList = C01FCF4E08A954540054247B /* Build configuration list for PBXProject "Shapez" */;
			compatibilityVersion = "Xcode 3.1";
			developmentRegion = English;
			hasScannedForEncodings = 1;
			knownRegions = (
				English,
				Japanese,
				French,
				German,
			);
			mainGroup = 29B97314FDCFA39411CA2CEA /* CustomTemplate */;
			projectDirPath = "";
			projectRoot = "";
			targets = (
				1D6058900D05DD3D006BFB54 /* Shapez */,
			);
		};
/* End PBXProject section */

/* Begin PBXResourcesBuildPhase section */
		1D60588D0D05DD3D006BFB54 /* Resources */ = {
			isa = PBXResourcesBuildPhase;
			buildActionMask = 2147483647;
			files = (
				28AD733F0D9D9553002E5188 /* MainWindow.xib in Resources */,
				B83699A11428C12E00BC5BCF /* ShapezViewController.xib in Resources */,
			);
			runOnlyForDeploymentPostprocessing = 0;
		};
/* End PBXResourcesBuildPhase section */

/* Begin PBXSourcesBuildPhase section */
		1D60588E0D05DD3D006BFB54 /* Sources */ = {
			isa = PBXSourcesBuildPhase;
			buildActionMask = 2147483647;
			files = (
				1D60589B0D05DD56006BFB54 /* main.m in Sources */,
				1D3623260D0F684500981E51 /* ShapezAppDelegate.m in Sources */,
				B8D30AD114286CBD007EEC10 /* shapes.xcdatamodel in Sources */,
				B83698A11428B72A00BC5BCF /* UIColourTransformer.m in Sources */,
				B836998A1428C0C800BC5BCF /* ShapezViewController.m in Sources */,
				B836998D1428C0DB00BC5BCF /* BasicCanvasView.m in Sources */,
				B836999A1428C0F000BC5BCF /* Canvas.m in Sources */,
				B836999B1428C0F000BC5BCF /* Circle.m in Sources */,
				B836999C1428C0F000BC5BCF /* Polygon.m in Sources */,
				B836999D1428C0F000BC5BCF /* Shape.m in Sources */,
				B836999E1428C0F000BC5BCF /* Transform.m in Sources */,
				B836999F1428C0F000BC5BCF /* Vertex.m in Sources */,
			);
			runOnlyForDeploymentPostprocessing = 0;
		};
/* End PBXSourcesBuildPhase section */

/* Begin XCBuildConfiguration section */
		1D6058940D05DD3E006BFB54 /* Debug */ = {
			isa = XCBuildConfiguration;
			buildSettings = {
				ALWAYS_SEARCH_USER_PATHS = NO;
				COPY_PHASE_STRIP = NO;
				GCC_DYNAMIC_NO_PIC = NO;
				GCC_OPTIMIZATION_LEVEL = 0;
				GCC_PRECOMPILE_PREFIX_HEADER = YES;
				GCC_PREFIX_HEADER = Shapez_Prefix.pch;
				INFOPLIST_FILE = "Shapez-Info.plist";
				PRODUCT_NAME = Shapez;
			};
			name = Debug;
		};
		1D6058950D05DD3E006BFB54 /* Release */ = {
			isa = XCBuildConfiguration;
			buildSettings = {
				ALWAYS_SEARCH_USER_PATHS = NO;
				COPY_PHASE_STRIP = YES;
				GCC_PRECOMPILE_PREFIX_HEADER = YES;
				GCC_PREFIX_HEADER = Shapez_Prefix.pch;
				INFOPLIST_FILE = "Shapez-Info.plist";
				PRODUCT_NAME = Shapez;
				VALIDATE_PRODUCT = YES;
			};
			name = Release;
		};
		C01FCF4F08A954540054247B /* Debug */ = {
			isa = XCBuildConfiguration;
			buildSettings = {
				ARCHS = "$(ARCHS_UNIVERSAL_IPHONE_OS)";
				"CODE_SIGN_IDENTITY[sdk=iphoneos*]" = "iPhone Developer";
				GCC_C_LANGUAGE_STANDARD = c99;
				GCC_WARN_ABOUT_RETURN_TYPE = YES;
				GCC_WARN_UNUSED_VARIABLE = YES;
				PREBINDING = NO;
				SDKROOT = iphoneos;
				TARGETED_DEVICE_FAMILY = 2;
			};
			name = Debug;
		};
		C01FCF5008A954540054247B /* Release */ = {
			isa = XCBuildConfiguration;
			buildSettings = {
				ARCHS = "$(ARCHS_UNIVERSAL_IPHONE_OS)";
				"CODE_SIGN_IDENTITY[sdk=iphoneos*]" = "iPhone Developer";
				GCC_C_LANGUAGE_STANDARD = c99;
				GCC_WARN_ABOUT_RETURN_TYPE = YES;
				GCC_WARN_UNUSED_VARIABLE = YES;
				OTHER_CFLAGS = "-DNS_BLOCK_ASSERTIONS=1";
				PREBINDING = NO;
				SDKROOT = iphoneos;
				TARGETED_DEVICE_FAMILY = 2;
			};
			name = Release;
		};
/* End XCBuildConfiguration section */

/* Begin XCConfigurationList section */
		1D6058960D05DD3E006BFB54 /* Build configuration list for PBXNativeTarget "Shapez" */ = {
			isa = XCConfigurationList;
			buildConfigurations = (
				1D6058940D05DD3E006BFB54 /* Debug */,
				1D6058950D05DD3E006BFB54 /* Release */,
			);
			defaultConfigurationIsVisible = 0;
			defaultConfigurationName = Release;
		};
		C01FCF4E08A954540054247B /* Build configuration list for PBXProject "Shapez" */ = {
			isa = XCConfigurationList;
			buildConfigurations = (
				C01FCF4F08A954540054247B /* Debug */,
				C01FCF5008A954540054247B /* Release */,
			);
			defaultConfigurationIsVisible = 0;
			defaultConfigurationName = Release;
		};
/* End XCConfigurationList section */
	};
	rootObject = 29B97313FDCFA39411CA2CEA /* Project object */;
}
